
Microsoft Visual Studio Solution File, Format Version 12.00
# Visual Studio 14
VisualStudioVersion = 14.0.25420.1
MinimumVisualStudioVersion = 10.0.40219.1
Project("{FAE04EC0-301F-11D3-BF4B-00C04F79EFBC}") = "LEAP.Core", "LEAP.Core\LEAP.Core.csproj", "{429CC284-E95F-4C26-A82B-3809775B7148}"
EndProject
Project("{2150E333-8FDC-42A3-9474-1A3956D46DE8}") = "Solution Items", "Solution Items", "{08375091-F38B-4F7A-B4D3-A73CDA3FA5B7}"
	ProjectSection(SolutionItems) = preProject
		.gitattributes = .gitattributes
		.gitignore = .gitignore
		LICENSE = LICENSE
		README.md = README.md
	EndProjectSection
EndProject
Project("{FAE04EC0-301F-11D3-BF4B-00C04F79EFBC}") = "LEAP.ReadIO", "LEAP.ReadIO\LEAP.ReadIO.csproj", "{A9AAC784-9348-427C-BE8E-63497808E114}"
EndProject
Project("{FAE04EC0-301F-11D3-BF4B-00C04F79EFBC}") = "LEAP.Core.Mockup", "LEAP.Core.Mockup\LEAP.Core.Mockup.csproj", "{297DC296-BAB2-489A-8A15-F183F94A636E}"
EndProject
Global
	GlobalSection(SolutionConfigurationPlatforms) = preSolution
		Debug|Any CPU = Debug|Any CPU
		Release|Any CPU = Release|Any CPU
	EndGlobalSection
	GlobalSection(ProjectConfigurationPlatforms) = postSolution
		{429CC284-E95F-4C26-A82B-3809775B7148}.Debug|Any CPU.ActiveCfg = Debug|Any CPU
		{429CC284-E95F-4C26-A82B-3809775B7148}.Debug|Any CPU.Build.0 = Debug|Any CPU
		{429CC284-E95F-4C26-A82B-3809775B7148}.Release|Any CPU.ActiveCfg = Release|Any CPU
		{429CC284-E95F-4C26-A82B-3809775B7148}.Release|Any CPU.Build.0 = Release|Any CPU
		{A9AAC784-9348-427C-BE8E-63497808E114}.Debug|Any CPU.ActiveCfg = Debug|Any CPU
		{A9AAC784-9348-427C-BE8E-63497808E114}.Debug|Any CPU.Build.0 = Debug|Any CPU
		{A9AAC784-9348-427C-BE8E-63497808E114}.Release|Any CPU.ActiveCfg = Release|Any CPU
		{A9AAC784-9348-427C-BE8E-63497808E114}.Release|Any CPU.Build.0 = Release|Any CPU
		{297DC296-BAB2-489A-8A15-F183F94A636E}.Debug|Any CPU.ActiveCfg = Debug|Any CPU
		{297DC296-BAB2-489A-8A15-F183F94A636E}.Debug|Any CPU.Build.0 = Debug|Any CPU
		{297DC296-BAB2-489A-8A15-F183F94A636E}.Release|Any CPU.ActiveCfg = Release|Any CPU
		{297DC296-BAB2-489A-8A15-F183F94A636E}.Release|Any CPU.Build.0 = Release|Any CPU
	EndGlobalSection
	GlobalSection(SolutionProperties) = preSolution
		HideSolutionNode = FALSE
	EndGlobalSection
EndGlobal
